
Microsoft Visual Studio Solution File, Format Version 12.00
# Visual Studio Version 16
VisualStudioVersion = 16.0.29102.190
MinimumVisualStudioVersion = 10.0.40219.1
Project("{888888A0-9F3D-457C-B088-3A5042F75D52}") = "Interview Prac 3", "Interview Prac 3\Interview Prac 3.pyproj", "{DDD42C83-1E65-4E3A-9FBC-6914B6C00457}"
EndProject
Global
	GlobalSection(SolutionConfigurationPlatforms) = preSolution
		Debug|Any CPU = Debug|Any CPU
		Release|Any CPU = Release|Any CPU
	EndGlobalSection
	GlobalSection(ProjectConfigurationPlatforms) = postSolution
		{DDD42C83-1E65-4E3A-9FBC-6914B6C00457}.Debug|Any CPU.ActiveCfg = Debug|Any CPU
		{DDD42C83-1E65-4E3A-9FBC-6914B6C00457}.Release|Any CPU.ActiveCfg = Release|Any CPU
	EndGlobalSection
	GlobalSection(SolutionProperties) = preSolution
		HideSolutionNode = FALSE
	EndGlobalSection
	GlobalSection(ExtensibilityGlobals) = postSolution
		SolutionGuid = {F7E1DB51-AA9E-4081-9F9E-EAF8ECEB5AB8}
	EndGlobalSection
EndGlobal
